// !$*UTF8*$!
{
	archiveVersion = 1;
	classes = {
	};
	objectVersion = 55;
	objects = {

/* Begin PBXBuildFile section */
		A481980428EDCD010039135C /* HabitDetailsViewController.swift in Sources */ = {isa = PBXBuildFile; fileRef = A481980328EDCD010039135C /* HabitDetailsViewController.swift */; };
		A48B25AC28E76798004BA11D /* LaunchScreen.storyboard in Resources */ = {isa = PBXBuildFile; fileRef = A4B95E4428E1B874004A4FD7 /* LaunchScreen.storyboard */; };
		A49CD41028E4A46500C4CC11 /* SFProText-Regular.ttf in Resources */ = {isa = PBXBuildFile; fileRef = A49CD40D28E4A46500C4CC11 /* SFProText-Regular.ttf */; };
		A49CD41228E4A46500C4CC11 /* SFProDisplay-Semibold.ttf in Resources */ = {isa = PBXBuildFile; fileRef = A49CD40F28E4A46500C4CC11 /* SFProDisplay-Semibold.ttf */; };
		A49CD41728E58CF000C4CC11 /* HabitViewController.swift in Sources */ = {isa = PBXBuildFile; fileRef = A49CD41628E58CF000C4CC11 /* HabitViewController.swift */; };
		A49CD41928E6E0D600C4CC11 /* myHabitsFonts.swift in Sources */ = {isa = PBXBuildFile; fileRef = A49CD41828E6E0D600C4CC11 /* myHabitsFonts.swift */; };
		A49CD41B28E72ABC00C4CC11 /* drafts.swift in Sources */ = {isa = PBXBuildFile; fileRef = A49CD41A28E72ABC00C4CC11 /* drafts.swift */; };
		A4A8B21E28E1D67700D520E4 /* HabitsStore.swift in Sources */ = {isa = PBXBuildFile; fileRef = A4A8B21D28E1D67700D520E4 /* HabitsStore.swift */; };
		A4A8B22028E1D70C00D520E4 /* TabBarController.swift in Sources */ = {isa = PBXBuildFile; fileRef = A4A8B21F28E1D70C00D520E4 /* TabBarController.swift */; };
		A4A8B22228E1D7EB00D520E4 /* HabitsViewController.swift in Sources */ = {isa = PBXBuildFile; fileRef = A4A8B22128E1D7EB00D520E4 /* HabitsViewController.swift */; };
		A4A8B22428E1D81A00D520E4 /* InfoViewController.swift in Sources */ = {isa = PBXBuildFile; fileRef = A4A8B22328E1D81A00D520E4 /* InfoViewController.swift */; };
		A4B95E3A28E1B873004A4FD7 /* AppDelegate.swift in Sources */ = {isa = PBXBuildFile; fileRef = A4B95E3928E1B873004A4FD7 /* AppDelegate.swift */; };
		A4B95E3C28E1B873004A4FD7 /* SceneDelegate.swift in Sources */ = {isa = PBXBuildFile; fileRef = A4B95E3B28E1B873004A4FD7 /* SceneDelegate.swift */; };
		A4B95E4328E1B874004A4FD7 /* Assets.xcassets in Resources */ = {isa = PBXBuildFile; fileRef = A4B95E4228E1B874004A4FD7 /* Assets.xcassets */; };
		A4C4C22428E9CD6B00FF9806 /* ProgressCollectionViewCell.swift in Sources */ = {isa = PBXBuildFile; fileRef = A4C4C22328E9CD6B00FF9806 /* ProgressCollectionViewCell.swift */; };
		A4C4C22628E9CD8800FF9806 /* HabitCollectionViewCell.swift in Sources */ = {isa = PBXBuildFile; fileRef = A4C4C22528E9CD8800FF9806 /* HabitCollectionViewCell.swift */; };
		A4DAB24728E379BB00BE2DF2 /* InfoData.swift in Sources */ = {isa = PBXBuildFile; fileRef = A4DAB24628E379BB00BE2DF2 /* InfoData.swift */; };
		A4DAB24928E447AE00BE2DF2 /* Questions.rtf in Resources */ = {isa = PBXBuildFile; fileRef = A4DAB24828E447AE00BE2DF2 /* Questions.rtf */; };
/* End PBXBuildFile section */

/* Begin PBXFileReference section */
		A481980328EDCD010039135C /* HabitDetailsViewController.swift */ = {isa = PBXFileReference; lastKnownFileType = sourcecode.swift; path = HabitDetailsViewController.swift; sourceTree = "<group>"; };
		A49CD40D28E4A46500C4CC11 /* SFProText-Regular.ttf */ = {isa = PBXFileReference; lastKnownFileType = file; path = "SFProText-Regular.ttf"; sourceTree = "<group>"; };
		A49CD40F28E4A46500C4CC11 /* SFProDisplay-Semibold.ttf */ = {isa = PBXFileReference; lastKnownFileType = file; path = "SFProDisplay-Semibold.ttf"; sourceTree = "<group>"; };
		A49CD41628E58CF000C4CC11 /* HabitViewController.swift */ = {isa = PBXFileReference; lastKnownFileType = sourcecode.swift; path = HabitViewController.swift; sourceTree = "<group>"; };
		A49CD41828E6E0D600C4CC11 /* myHabitsFonts.swift */ = {isa = PBXFileReference; lastKnownFileType = sourcecode.swift; path = myHabitsFonts.swift; sourceTree = "<group>"; };
		A49CD41A28E72ABC00C4CC11 /* drafts.swift */ = {isa = PBXFileReference; lastKnownFileType = sourcecode.swift; path = drafts.swift; sourceTree = "<group>"; };
		A4A8B21D28E1D67700D520E4 /* HabitsStore.swift */ = {isa = PBXFileReference; lastKnownFileType = sourcecode.swift; path = HabitsStore.swift; sourceTree = "<group>"; };
		A4A8B21F28E1D70C00D520E4 /* TabBarController.swift */ = {isa = PBXFileReference; lastKnownFileType = sourcecode.swift; path = TabBarController.swift; sourceTree = "<group>"; };
		A4A8B22128E1D7EB00D520E4 /* HabitsViewController.swift */ = {isa = PBXFileReference; lastKnownFileType = sourcecode.swift; path = HabitsViewController.swift; sourceTree = "<group>"; };
		A4A8B22328E1D81A00D520E4 /* InfoViewController.swift */ = {isa = PBXFileReference; lastKnownFileType = sourcecode.swift; path = InfoViewController.swift; sourceTree = "<group>"; };
		A4B95E3628E1B873004A4FD7 /* MyHabits.app */ = {isa = PBXFileReference; explicitFileType = wrapper.application; includeInIndex = 0; path = MyHabits.app; sourceTree = BUILT_PRODUCTS_DIR; };
		A4B95E3928E1B873004A4FD7 /* AppDelegate.swift */ = {isa = PBXFileReference; lastKnownFileType = sourcecode.swift; path = AppDelegate.swift; sourceTree = "<group>"; };
		A4B95E3B28E1B873004A4FD7 /* SceneDelegate.swift */ = {isa = PBXFileReference; lastKnownFileType = sourcecode.swift; path = SceneDelegate.swift; sourceTree = "<group>"; };
		A4B95E4228E1B874004A4FD7 /* Assets.xcassets */ = {isa = PBXFileReference; lastKnownFileType = folder.assetcatalog; path = Assets.xcassets; sourceTree = "<group>"; };
		A4B95E4528E1B874004A4FD7 /* Base */ = {isa = PBXFileReference; lastKnownFileType = file.storyboard; name = Base; path = Base.lproj/LaunchScreen.storyboard; sourceTree = "<group>"; };
		A4B95E4728E1B874004A4FD7 /* Info.plist */ = {isa = PBXFileReference; lastKnownFileType = text.plist.xml; path = Info.plist; sourceTree = "<group>"; };
		A4C4C22328E9CD6B00FF9806 /* ProgressCollectionViewCell.swift */ = {isa = PBXFileReference; lastKnownFileType = sourcecode.swift; path = ProgressCollectionViewCell.swift; sourceTree = "<group>"; };
		A4C4C22528E9CD8800FF9806 /* HabitCollectionViewCell.swift */ = {isa = PBXFileReference; lastKnownFileType = sourcecode.swift; path = HabitCollectionViewCell.swift; sourceTree = "<group>"; };
		A4DAB24628E379BB00BE2DF2 /* InfoData.swift */ = {isa = PBXFileReference; lastKnownFileType = sourcecode.swift; path = InfoData.swift; sourceTree = "<group>"; };
		A4DAB24828E447AE00BE2DF2 /* Questions.rtf */ = {isa = PBXFileReference; lastKnownFileType = text.rtf; path = Questions.rtf; sourceTree = "<group>"; };
/* End PBXFileReference section */

/* Begin PBXFrameworksBuildPhase section */
		A4B95E3328E1B873004A4FD7 /* Frameworks */ = {
			isa = PBXFrameworksBuildPhase;
			buildActionMask = 2147483647;
			files = (
			);
			runOnlyForDeploymentPostprocessing = 0;
		};
/* End PBXFrameworksBuildPhase section */

/* Begin PBXGroup section */
		A49CD41328E4BA0100C4CC11 /* myHabitsUIData */ = {
			isa = PBXGroup;
			children = (
				A49CD41828E6E0D600C4CC11 /* myHabitsFonts.swift */,
				A49CD40F28E4A46500C4CC11 /* SFProDisplay-Semibold.ttf */,
				A49CD40D28E4A46500C4CC11 /* SFProText-Regular.ttf */,
			);
			path = myHabitsUIData;
			sourceTree = "<group>";
		};
		A49CD41428E4BA1100C4CC11 /* Info */ = {
			isa = PBXGroup;
			children = (
				A4DAB24628E379BB00BE2DF2 /* InfoData.swift */,
				A4A8B22328E1D81A00D520E4 /* InfoViewController.swift */,
			);
			path = Info;
			sourceTree = "<group>";
		};
		A49CD41528E4BA4400C4CC11 /* Habits */ = {
			isa = PBXGroup;
			children = (
				A4A8B21D28E1D67700D520E4 /* HabitsStore.swift */,
				A4C4C22528E9CD8800FF9806 /* HabitCollectionViewCell.swift */,
				A4C4C22328E9CD6B00FF9806 /* ProgressCollectionViewCell.swift */,
				A4A8B22128E1D7EB00D520E4 /* HabitsViewController.swift */,
			);
			path = Habits;
			sourceTree = "<group>";
		};
		A49CD41C28E72B4100C4CC11 /* Auxilary */ = {
			isa = PBXGroup;
			children = (
				A4DAB24828E447AE00BE2DF2 /* Questions.rtf */,
				A49CD41A28E72ABC00C4CC11 /* drafts.swift */,
			);
			path = Auxilary;
			sourceTree = "<group>";
		};
		A4B95E2D28E1B873004A4FD7 = {
			isa = PBXGroup;
			children = (
				A4B95E3828E1B873004A4FD7 /* MyHabits */,
				A4B95E3728E1B873004A4FD7 /* Products */,
			);
			sourceTree = "<group>";
		};
		A4B95E3728E1B873004A4FD7 /* Products */ = {
			isa = PBXGroup;
			children = (
				A4B95E3628E1B873004A4FD7 /* MyHabits.app */,
			);
			name = Products;
			sourceTree = "<group>";
		};
		A4B95E3828E1B873004A4FD7 /* MyHabits */ = {
			isa = PBXGroup;
			children = (
				A481980328EDCD010039135C /* HabitDetailsViewController.swift */,
				A49CD41628E58CF000C4CC11 /* HabitViewController.swift */,
				A49CD41528E4BA4400C4CC11 /* Habits */,
				A49CD41428E4BA1100C4CC11 /* Info */,
				A4A8B21F28E1D70C00D520E4 /* TabBarController.swift */,
				A4B95E3B28E1B873004A4FD7 /* SceneDelegate.swift */,
				A4B95E3928E1B873004A4FD7 /* AppDelegate.swift */,
				A4B95E4428E1B874004A4FD7 /* LaunchScreen.storyboard */,
				A4B95E4728E1B874004A4FD7 /* Info.plist */,
				A4B95E4228E1B874004A4FD7 /* Assets.xcassets */,
				A49CD41328E4BA0100C4CC11 /* myHabitsUIData */,
				A49CD41C28E72B4100C4CC11 /* Auxilary */,
			);
			path = MyHabits;
			sourceTree = "<group>";
		};
/* End PBXGroup section */

/* Begin PBXNativeTarget section */
		A4B95E3528E1B873004A4FD7 /* MyHabits */ = {
			isa = PBXNativeTarget;
			buildConfigurationList = A4B95E4A28E1B874004A4FD7 /* Build configuration list for PBXNativeTarget "MyHabits" */;
			buildPhases = (
				A4B95E3228E1B873004A4FD7 /* Sources */,
				A4B95E3328E1B873004A4FD7 /* Frameworks */,
				A4B95E3428E1B873004A4FD7 /* Resources */,
			);
			buildRules = (
			);
			dependencies = (
			);
			name = MyHabits;
			productName = MyHabits;
			productReference = A4B95E3628E1B873004A4FD7 /* MyHabits.app */;
			productType = "com.apple.product-type.application";
		};
/* End PBXNativeTarget section */

/* Begin PBXProject section */
		A4B95E2E28E1B873004A4FD7 /* Project object */ = {
			isa = PBXProject;
			attributes = {
				BuildIndependentTargetsInParallel = 1;
				LastSwiftUpdateCheck = 1340;
				LastUpgradeCheck = 1340;
				TargetAttributes = {
					A4B95E3528E1B873004A4FD7 = {
						CreatedOnToolsVersion = 13.4.1;
					};
				};
			};
			buildConfigurationList = A4B95E3128E1B873004A4FD7 /* Build configuration list for PBXProject "MyHabits" */;
			compatibilityVersion = "Xcode 13.0";
			developmentRegion = en;
			hasScannedForEncodings = 0;
			knownRegions = (
				en,
				Base,
			);
			mainGroup = A4B95E2D28E1B873004A4FD7;
			productRefGroup = A4B95E3728E1B873004A4FD7 /* Products */;
			projectDirPath = "";
			projectRoot = "";
			targets = (
				A4B95E3528E1B873004A4FD7 /* MyHabits */,
			);
		};
/* End PBXProject section */

/* Begin PBXResourcesBuildPhase section */
		A4B95E3428E1B873004A4FD7 /* Resources */ = {
			isa = PBXResourcesBuildPhase;
			buildActionMask = 2147483647;
			files = (
				A4DAB24928E447AE00BE2DF2 /* Questions.rtf in Resources */,
				A49CD41228E4A46500C4CC11 /* SFProDisplay-Semibold.ttf in Resources */,
				A4B95E4328E1B874004A4FD7 /* Assets.xcassets in Resources */,
				A48B25AC28E76798004BA11D /* LaunchScreen.storyboard in Resources */,
				A49CD41028E4A46500C4CC11 /* SFProText-Regular.ttf in Resources */,
			);
			runOnlyForDeploymentPostprocessing = 0;
		};
/* End PBXResourcesBuildPhase section */

/* Begin PBXSourcesBuildPhase section */
		A4B95E3228E1B873004A4FD7 /* Sources */ = {
			isa = PBXSourcesBuildPhase;
			buildActionMask = 2147483647;
			files = (
				A481980428EDCD010039135C /* HabitDetailsViewController.swift in Sources */,
				A4A8B21E28E1D67700D520E4 /* HabitsStore.swift in Sources */,
				A4A8B22228E1D7EB00D520E4 /* HabitsViewController.swift in Sources */,
				A4DAB24728E379BB00BE2DF2 /* InfoData.swift in Sources */,
				A49CD41728E58CF000C4CC11 /* HabitViewController.swift in Sources */,
				A4A8B22428E1D81A00D520E4 /* InfoViewController.swift in Sources */,
				A4C4C22428E9CD6B00FF9806 /* ProgressCollectionViewCell.swift in Sources */,
				A49CD41928E6E0D600C4CC11 /* myHabitsFonts.swift in Sources */,
				A4B95E3A28E1B873004A4FD7 /* AppDelegate.swift in Sources */,
				A4A8B22028E1D70C00D520E4 /* TabBarController.swift in Sources */,
				A4B95E3C28E1B873004A4FD7 /* SceneDelegate.swift in Sources */,
				A49CD41B28E72ABC00C4CC11 /* drafts.swift in Sources */,
				A4C4C22628E9CD8800FF9806 /* HabitCollectionViewCell.swift in Sources */,
			);
			runOnlyForDeploymentPostprocessing = 0;
		};
/* End PBXSourcesBuildPhase section */

/* Begin PBXVariantGroup section */
		A4B95E4428E1B874004A4FD7 /* LaunchScreen.storyboard */ = {
			isa = PBXVariantGroup;
			children = (
				A4B95E4528E1B874004A4FD7 /* Base */,
			);
			name = LaunchScreen.storyboard;
			sourceTree = "<group>";
		};
/* End PBXVariantGroup section */

/* Begin XCBuildConfiguration section */
		A4B95E4828E1B874004A4FD7 /* Debug */ = {
			isa = XCBuildConfiguration;
			buildSettings = {
				ALWAYS_SEARCH_USER_PATHS = NO;
				CLANG_ANALYZER_NONNULL = YES;
				CLANG_ANALYZER_NUMBER_OBJECT_CONVERSION = YES_AGGRESSIVE;
				CLANG_CXX_LANGUAGE_STANDARD = "gnu++17";
				CLANG_ENABLE_MODULES = YES;
				CLANG_ENABLE_OBJC_ARC = YES;
				CLANG_ENABLE_OBJC_WEAK = YES;
				CLANG_WARN_BLOCK_CAPTURE_AUTORELEASING = YES;
				CLANG_WARN_BOOL_CONVERSION = YES;
				CLANG_WARN_COMMA = YES;
				CLANG_WARN_CONSTANT_CONVERSION = YES;
				CLANG_WARN_DEPRECATED_OBJC_IMPLEMENTATIONS = YES;
				CLANG_WARN_DIRECT_OBJC_ISA_USAGE = YES_ERROR;
				CLANG_WARN_DOCUMENTATION_COMMENTS = YES;
				CLANG_WARN_EMPTY_BODY = YES;
				CLANG_WARN_ENUM_CONVERSION = YES;
				CLANG_WARN_INFINITE_RECURSION = YES;
				CLANG_WARN_INT_CONVERSION = YES;
				CLANG_WARN_NON_LITERAL_NULL_CONVERSION = YES;
				CLANG_WARN_OBJC_IMPLICIT_RETAIN_SELF = YES;
				CLANG_WARN_OBJC_LITERAL_CONVERSION = YES;
				CLANG_WARN_OBJC_ROOT_CLASS = YES_ERROR;
				CLANG_WARN_QUOTED_INCLUDE_IN_FRAMEWORK_HEADER = YES;
				CLANG_WARN_RANGE_LOOP_ANALYSIS = YES;
				CLANG_WARN_STRICT_PROTOTYPES = YES;
				CLANG_WARN_SUSPICIOUS_MOVE = YES;
				CLANG_WARN_UNGUARDED_AVAILABILITY = YES_AGGRESSIVE;
				CLANG_WARN_UNREACHABLE_CODE = YES;
				CLANG_WARN__DUPLICATE_METHOD_MATCH = YES;
				COPY_PHASE_STRIP = NO;
				DEBUG_INFORMATION_FORMAT = dwarf;
				ENABLE_STRICT_OBJC_MSGSEND = YES;
				ENABLE_TESTABILITY = YES;
				GCC_C_LANGUAGE_STANDARD = gnu11;
				GCC_DYNAMIC_NO_PIC = NO;
				GCC_NO_COMMON_BLOCKS = YES;
				GCC_OPTIMIZATION_LEVEL = 0;
				GCC_PREPROCESSOR_DEFINITIONS = (
					"DEBUG=1",
					"$(inherited)",
				);
				GCC_WARN_64_TO_32_BIT_CONVERSION = YES;
				GCC_WARN_ABOUT_RETURN_TYPE = YES_ERROR;
				GCC_WARN_UNDECLARED_SELECTOR = YES;
				GCC_WARN_UNINITIALIZED_AUTOS = YES_AGGRESSIVE;
				GCC_WARN_UNUSED_FUNCTION = YES;
				GCC_WARN_UNUSED_VARIABLE = YES;
				IPHONEOS_DEPLOYMENT_TARGET = 15.5;
				MTL_ENABLE_DEBUG_INFO = INCLUDE_SOURCE;
				MTL_FAST_MATH = YES;
				ONLY_ACTIVE_ARCH = YES;
				SDKROOT = iphoneos;
				SWIFT_ACTIVE_COMPILATION_CONDITIONS = DEBUG;
				SWIFT_OPTIMIZATION_LEVEL = "-Onone";
			};
			name = Debug;
		};
		A4B95E4928E1B874004A4FD7 /* Release */ = {
			isa = XCBuildConfiguration;
			buildSettings = {
				ALWAYS_SEARCH_USER_PATHS = NO;
				CLANG_ANALYZER_NONNULL = YES;
				CLANG_ANALYZER_NUMBER_OBJECT_CONVERSION = YES_AGGRESSIVE;
				CLANG_CXX_LANGUAGE_STANDARD = "gnu++17";
				CLANG_ENABLE_MODULES = YES;
				CLANG_ENABLE_OBJC_ARC = YES;
				CLANG_ENABLE_OBJC_WEAK = YES;
				CLANG_WARN_BLOCK_CAPTURE_AUTORELEASING = YES;
				CLANG_WARN_BOOL_CONVERSION = YES;
				CLANG_WARN_COMMA = YES;
				CLANG_WARN_CONSTANT_CONVERSION = YES;
				CLANG_WARN_DEPRECATED_OBJC_IMPLEMENTATIONS = YES;
				CLANG_WARN_DIRECT_OBJC_ISA_USAGE = YES_ERROR;
				CLANG_WARN_DOCUMENTATION_COMMENTS = YES;
				CLANG_WARN_EMPTY_BODY = YES;
				CLANG_WARN_ENUM_CONVERSION = YES;
				CLANG_WARN_INFINITE_RECURSION = YES;
				CLANG_WARN_INT_CONVERSION = YES;
				CLANG_WARN_NON_LITERAL_NULL_CONVERSION = YES;
				CLANG_WARN_OBJC_IMPLICIT_RETAIN_SELF = YES;
				CLANG_WARN_OBJC_LITERAL_CONVERSION = YES;
				CLANG_WARN_OBJC_ROOT_CLASS = YES_ERROR;
				CLANG_WARN_QUOTED_INCLUDE_IN_FRAMEWORK_HEADER = YES;
				CLANG_WARN_RANGE_LOOP_ANALYSIS = YES;
				CLANG_WARN_STRICT_PROTOTYPES = YES;
				CLANG_WARN_SUSPICIOUS_MOVE = YES;
				CLANG_WARN_UNGUARDED_AVAILABILITY = YES_AGGRESSIVE;
				CLANG_WARN_UNREACHABLE_CODE = YES;
				CLANG_WARN__DUPLICATE_METHOD_MATCH = YES;
				COPY_PHASE_STRIP = NO;
				DEBUG_INFORMATION_FORMAT = "dwarf-with-dsym";
				ENABLE_NS_ASSERTIONS = NO;
				ENABLE_STRICT_OBJC_MSGSEND = YES;
				GCC_C_LANGUAGE_STANDARD = gnu11;
				GCC_NO_COMMON_BLOCKS = YES;
				GCC_WARN_64_TO_32_BIT_CONVERSION = YES;
				GCC_WARN_ABOUT_RETURN_TYPE = YES_ERROR;
				GCC_WARN_UNDECLARED_SELECTOR = YES;
				GCC_WARN_UNINITIALIZED_AUTOS = YES_AGGRESSIVE;
				GCC_WARN_UNUSED_FUNCTION = YES;
				GCC_WARN_UNUSED_VARIABLE = YES;
				IPHONEOS_DEPLOYMENT_TARGET = 15.5;
				MTL_ENABLE_DEBUG_INFO = NO;
				MTL_FAST_MATH = YES;
				SDKROOT = iphoneos;
				SWIFT_COMPILATION_MODE = wholemodule;
				SWIFT_OPTIMIZATION_LEVEL = "-O";
				VALIDATE_PRODUCT = YES;
			};
			name = Release;
		};
		A4B95E4B28E1B874004A4FD7 /* Debug */ = {
			isa = XCBuildConfiguration;
			buildSettings = {
				ASSETCATALOG_COMPILER_APPICON_NAME = AppIcon;
				ASSETCATALOG_COMPILER_GLOBAL_ACCENT_COLOR_NAME = AccentColor;
				CODE_SIGN_STYLE = Automatic;
				CURRENT_PROJECT_VERSION = 1;
				DEVELOPMENT_TEAM = DRZ83U4BJ3;
				GENERATE_INFOPLIST_FILE = YES;
				INFOPLIST_FILE = MyHabits/Info.plist;
				INFOPLIST_KEY_UILaunchStoryboardName = LaunchScreen;
				INFOPLIST_KEY_UISupportedInterfaceOrientations_iPad = "UIInterfaceOrientationPortrait UIInterfaceOrientationPortraitUpsideDown UIInterfaceOrientationLandscapeLeft UIInterfaceOrientationLandscapeRight";
				INFOPLIST_KEY_UISupportedInterfaceOrientations_iPhone = "UIInterfaceOrientationPortrait UIInterfaceOrientationLandscapeLeft UIInterfaceOrientationLandscapeRight";
				LD_RUNPATH_SEARCH_PATHS = (
					"$(inherited)",
					"@executable_path/Frameworks",
				);
				MARKETING_VERSION = 1.0;
				PRODUCT_BUNDLE_IDENTIFIER = Vlad.MyHabits;
				PRODUCT_NAME = "$(TARGET_NAME)";
				SWIFT_EMIT_LOC_STRINGS = YES;
				SWIFT_VERSION = 5.0;
				TARGETED_DEVICE_FAMILY = "1,2";
			};
			name = Debug;
		};
		A4B95E4C28E1B874004A4FD7 /* Release */ = {
			isa = XCBuildConfiguration;
			buildSettings = {
				ASSETCATALOG_COMPILER_APPICON_NAME = AppIcon;
				ASSETCATALOG_COMPILER_GLOBAL_ACCENT_COLOR_NAME = AccentColor;
				CODE_SIGN_STYLE = Automatic;
				CURRENT_PROJECT_VERSION = 1;
				DEVELOPMENT_TEAM = DRZ83U4BJ3;
				GENERATE_INFOPLIST_FILE = YES;
				INFOPLIST_FILE = MyHabits/Info.plist;
				INFOPLIST_KEY_UILaunchStoryboardName = LaunchScreen;
				INFOPLIST_KEY_UISupportedInterfaceOrientations_iPad = "UIInterfaceOrientationPortrait UIInterfaceOrientationPortraitUpsideDown UIInterfaceOrientationLandscapeLeft UIInterfaceOrientationLandscapeRight";
				INFOPLIST_KEY_UISupportedInterfaceOrientations_iPhone = "UIInterfaceOrientationPortrait UIInterfaceOrientationLandscapeLeft UIInterfaceOrientationLandscapeRight";
				LD_RUNPATH_SEARCH_PATHS = (
					"$(inherited)",
					"@executable_path/Frameworks",
				);
				MARKETING_VERSION = 1.0;
				PRODUCT_BUNDLE_IDENTIFIER = Vlad.MyHabits;
				PRODUCT_NAME = "$(TARGET_NAME)";
				SWIFT_EMIT_LOC_STRINGS = YES;
				SWIFT_VERSION = 5.0;
				TARGETED_DEVICE_FAMILY = "1,2";
			};
			name = Release;
		};
/* End XCBuildConfiguration section */

/* Begin XCConfigurationList section */
		A4B95E3128E1B873004A4FD7 /* Build configuration list for PBXProject "MyHabits" */ = {
			isa = XCConfigurationList;
			buildConfigurations = (
				A4B95E4828E1B874004A4FD7 /* Debug */,
				A4B95E4928E1B874004A4FD7 /* Release */,
			);
			defaultConfigurationIsVisible = 0;
			defaultConfigurationName = Release;
		};
		A4B95E4A28E1B874004A4FD7 /* Build configuration list for PBXNativeTarget "MyHabits" */ = {
			isa = XCConfigurationList;
			buildConfigurations = (
				A4B95E4B28E1B874004A4FD7 /* Debug */,
				A4B95E4C28E1B874004A4FD7 /* Release */,
			);
			defaultConfigurationIsVisible = 0;
			defaultConfigurationName = Release;
		};
/* End XCConfigurationList section */
	};
	rootObject = A4B95E2E28E1B873004A4FD7 /* Project object */;
}
